
Microsoft Visual Studio Solution File, Format Version 12.00
# Visual Studio 2013
VisualStudioVersion = 12.0.31101.0
MinimumVisualStudioVersion = 10.0.40219.1
Project("{FAE04EC0-301F-11D3-BF4B-00C04F79EFBC}") = "GroomerApp", "GroomerApp\GroomerApp.csproj", "{64E9271E-27F4-4BBA-A0C6-E16996A4FB26}"
EndProject
Project("{FAE04EC0-301F-11D3-BF4B-00C04F79EFBC}") = "BusinessLogic", "BusinessLogic\BusinessLogic.csproj", "{47BD1174-68E2-41B7-BC50-B11A474836A7}"
EndProject
Global
	GlobalSection(SolutionConfigurationPlatforms) = preSolution
		Debug|Any CPU = Debug|Any CPU
		Release|Any CPU = Release|Any CPU
	EndGlobalSection
	GlobalSection(ProjectConfigurationPlatforms) = postSolution
		{64E9271E-27F4-4BBA-A0C6-E16996A4FB26}.Debug|Any CPU.ActiveCfg = Debug|Any CPU
		{64E9271E-27F4-4BBA-A0C6-E16996A4FB26}.Debug|Any CPU.Build.0 = Debug|Any CPU
		{64E9271E-27F4-4BBA-A0C6-E16996A4FB26}.Release|Any CPU.ActiveCfg = Release|Any CPU
		{64E9271E-27F4-4BBA-A0C6-E16996A4FB26}.Release|Any CPU.Build.0 = Release|Any CPU
		{47BD1174-68E2-41B7-BC50-B11A474836A7}.Debug|Any CPU.ActiveCfg = Debug|Any CPU
		{47BD1174-68E2-41B7-BC50-B11A474836A7}.Debug|Any CPU.Build.0 = Debug|Any CPU
		{47BD1174-68E2-41B7-BC50-B11A474836A7}.Release|Any CPU.ActiveCfg = Release|Any CPU
		{47BD1174-68E2-41B7-BC50-B11A474836A7}.Release|Any CPU.Build.0 = Release|Any CPU
	EndGlobalSection
	GlobalSection(SolutionProperties) = preSolution
		HideSolutionNode = FALSE
	EndGlobalSection
EndGlobal
